
Microsoft Visual Studio Solution File, Format Version 12.00
Project("{FAE04EC0-301F-11D3-BF4B-00C04F79EFBC}") = "MinimalAPITemplate", "MinimalAPITemplate.csproj", "{1304899B-5D99-43B7-BBD9-4E5B136F1140}"
EndProject
Global
	GlobalSection(SolutionConfigurationPlatforms) = preSolution
		Debug|Any CPU = Debug|Any CPU
		Release|Any CPU = Release|Any CPU
	EndGlobalSection
	GlobalSection(ProjectConfigurationPlatforms) = postSolution
		{1304899B-5D99-43B7-BBD9-4E5B136F1140}.Debug|Any CPU.ActiveCfg = Debug|Any CPU
		{1304899B-5D99-43B7-BBD9-4E5B136F1140}.Debug|Any CPU.Build.0 = Debug|Any CPU
		{1304899B-5D99-43B7-BBD9-4E5B136F1140}.Release|Any CPU.ActiveCfg = Release|Any CPU
		{1304899B-5D99-43B7-BBD9-4E5B136F1140}.Release|Any CPU.Build.0 = Release|Any CPU
	EndGlobalSection
EndGlobal
